
Microsoft Visual Studio Solution File, Format Version 12.00
# Visual Studio Version 17
VisualStudioVersion = 17.5.33424.131
MinimumVisualStudioVersion = 10.0.40219.1
Project("{FAE04EC0-301F-11D3-BF4B-00C04F79EFBC}") = "LR1_CD", "LR1_CD.csproj", "{962B8AC3-B7E3-4BEB-9E4D-621175178766}"
EndProject
Global
	GlobalSection(SolutionConfigurationPlatforms) = preSolution
		Debug|Any CPU = Debug|Any CPU
		Release|Any CPU = Release|Any CPU
	EndGlobalSection
	GlobalSection(ProjectConfigurationPlatforms) = postSolution
		{962B8AC3-B7E3-4BEB-9E4D-621175178766}.Debug|Any CPU.ActiveCfg = Debug|Any CPU
		{962B8AC3-B7E3-4BEB-9E4D-621175178766}.Debug|Any CPU.Build.0 = Debug|Any CPU
		{962B8AC3-B7E3-4BEB-9E4D-621175178766}.Release|Any CPU.ActiveCfg = Release|Any CPU
		{962B8AC3-B7E3-4BEB-9E4D-621175178766}.Release|Any CPU.Build.0 = Release|Any CPU
	EndGlobalSection
	GlobalSection(SolutionProperties) = preSolution
		HideSolutionNode = FALSE
	EndGlobalSection
	GlobalSection(ExtensibilityGlobals) = postSolution
		SolutionGuid = {7A4C1132-F15F-48AC-A8D3-D2A2446AC40F}
	EndGlobalSection
EndGlobal
